// !$*UTF8*$!
{
	archiveVersion = 1;
	classes = {
	};
	objectVersion = 55;
	objects = {

/* Begin PBXBuildFile section */
		74A3E06127CE1EB9002B190C /* AppDelegate.swift in Sources */ = {isa = PBXBuildFile; fileRef = 74A3E06027CE1EB9002B190C /* AppDelegate.swift */; };
		74A3E06327CE1EB9002B190C /* SceneDelegate.swift in Sources */ = {isa = PBXBuildFile; fileRef = 74A3E06227CE1EB9002B190C /* SceneDelegate.swift */; };
		74A3E06827CE1EB9002B190C /* Main.storyboard in Resources */ = {isa = PBXBuildFile; fileRef = 74A3E06627CE1EB9002B190C /* Main.storyboard */; };
		74A3E06A27CE1EBA002B190C /* Assets.xcassets in Resources */ = {isa = PBXBuildFile; fileRef = 74A3E06927CE1EBA002B190C /* Assets.xcassets */; };
		74A3E06D27CE1EBA002B190C /* LaunchScreen.storyboard in Resources */ = {isa = PBXBuildFile; fileRef = 74A3E06B27CE1EBA002B190C /* LaunchScreen.storyboard */; };
		74A3E07E27CF64EA002B190C /* LoginController.swift in Sources */ = {isa = PBXBuildFile; fileRef = 74A3E07D27CF64EA002B190C /* LoginController.swift */; };
		74A3E08027CFFC37002B190C /* Extensions.swift in Sources */ = {isa = PBXBuildFile; fileRef = 74A3E07F27CFFC37002B190C /* Extensions.swift */; };
		74A3E08227D36B25002B190C /* SignUpController.swift in Sources */ = {isa = PBXBuildFile; fileRef = 74A3E08127D36B25002B190C /* SignUpController.swift */; };
		74A3E08427D3EB8B002B190C /* AuthButton.swift in Sources */ = {isa = PBXBuildFile; fileRef = 74A3E08327D3EB8B002B190C /* AuthButton.swift */; };
		74DF0FC127DA772800B791AB /* GoogleService-Info.plist in Resources */ = {isa = PBXBuildFile; fileRef = 74DF0FC027DA772800B791AB /* GoogleService-Info.plist */; };
		74DF0FC327DB454100B791AB /* HomeController.swift in Sources */ = {isa = PBXBuildFile; fileRef = 74DF0FC227DB454100B791AB /* HomeController.swift */; };
		74DF0FC527DC77C300B791AB /* LocationInputActivationView.swift in Sources */ = {isa = PBXBuildFile; fileRef = 74DF0FC427DC77C300B791AB /* LocationInputActivationView.swift */; };
		E7B8C3BD96002EB0AD4B0C5F /* Pods_UberClone.framework in Frameworks */ = {isa = PBXBuildFile; fileRef = 76BDD4F8BD6690E085C7080C /* Pods_UberClone.framework */; };
/* End PBXBuildFile section */

/* Begin PBXFileReference section */
		08558CE5026F32BB5A1A5EDF /* Pods-UberClone.debug.xcconfig */ = {isa = PBXFileReference; includeInIndex = 1; lastKnownFileType = text.xcconfig; name = "Pods-UberClone.debug.xcconfig"; path = "Target Support Files/Pods-UberClone/Pods-UberClone.debug.xcconfig"; sourceTree = "<group>"; };
		608E233D49AA56AA90199284 /* Pods-UberClone.release.xcconfig */ = {isa = PBXFileReference; includeInIndex = 1; lastKnownFileType = text.xcconfig; name = "Pods-UberClone.release.xcconfig"; path = "Target Support Files/Pods-UberClone/Pods-UberClone.release.xcconfig"; sourceTree = "<group>"; };
		74A3E05D27CE1EB9002B190C /* UberClone.app */ = {isa = PBXFileReference; explicitFileType = wrapper.application; includeInIndex = 0; path = UberClone.app; sourceTree = BUILT_PRODUCTS_DIR; };
		74A3E06027CE1EB9002B190C /* AppDelegate.swift */ = {isa = PBXFileReference; lastKnownFileType = sourcecode.swift; path = AppDelegate.swift; sourceTree = "<group>"; };
		74A3E06227CE1EB9002B190C /* SceneDelegate.swift */ = {isa = PBXFileReference; lastKnownFileType = sourcecode.swift; path = SceneDelegate.swift; sourceTree = "<group>"; };
		74A3E06727CE1EB9002B190C /* Base */ = {isa = PBXFileReference; lastKnownFileType = file.storyboard; name = Base; path = Base.lproj/Main.storyboard; sourceTree = "<group>"; };
		74A3E06927CE1EBA002B190C /* Assets.xcassets */ = {isa = PBXFileReference; lastKnownFileType = folder.assetcatalog; path = Assets.xcassets; sourceTree = "<group>"; };
		74A3E06C27CE1EBA002B190C /* Base */ = {isa = PBXFileReference; lastKnownFileType = file.storyboard; name = Base; path = Base.lproj/LaunchScreen.storyboard; sourceTree = "<group>"; };
		74A3E06E27CE1EBA002B190C /* Info.plist */ = {isa = PBXFileReference; lastKnownFileType = text.plist.xml; path = Info.plist; sourceTree = "<group>"; };
		74A3E07D27CF64EA002B190C /* LoginController.swift */ = {isa = PBXFileReference; lastKnownFileType = sourcecode.swift; path = LoginController.swift; sourceTree = "<group>"; };
		74A3E07F27CFFC37002B190C /* Extensions.swift */ = {isa = PBXFileReference; lastKnownFileType = sourcecode.swift; path = Extensions.swift; sourceTree = "<group>"; };
		74A3E08127D36B25002B190C /* SignUpController.swift */ = {isa = PBXFileReference; lastKnownFileType = sourcecode.swift; path = SignUpController.swift; sourceTree = "<group>"; };
		74A3E08327D3EB8B002B190C /* AuthButton.swift */ = {isa = PBXFileReference; lastKnownFileType = sourcecode.swift; path = AuthButton.swift; sourceTree = "<group>"; };
		74DF0FC027DA772800B791AB /* GoogleService-Info.plist */ = {isa = PBXFileReference; fileEncoding = 4; lastKnownFileType = text.plist.xml; path = "GoogleService-Info.plist"; sourceTree = "<group>"; };
		74DF0FC227DB454100B791AB /* HomeController.swift */ = {isa = PBXFileReference; lastKnownFileType = sourcecode.swift; path = HomeController.swift; sourceTree = "<group>"; };
		74DF0FC427DC77C300B791AB /* LocationInputActivationView.swift */ = {isa = PBXFileReference; lastKnownFileType = sourcecode.swift; path = LocationInputActivationView.swift; sourceTree = "<group>"; };
		76BDD4F8BD6690E085C7080C /* Pods_UberClone.framework */ = {isa = PBXFileReference; explicitFileType = wrapper.framework; includeInIndex = 0; path = Pods_UberClone.framework; sourceTree = BUILT_PRODUCTS_DIR; };
/* End PBXFileReference section */

/* Begin PBXFrameworksBuildPhase section */
		74A3E05A27CE1EB9002B190C /* Frameworks */ = {
			isa = PBXFrameworksBuildPhase;
			buildActionMask = 2147483647;
			files = (
				E7B8C3BD96002EB0AD4B0C5F /* Pods_UberClone.framework in Frameworks */,
			);
			runOnlyForDeploymentPostprocessing = 0;
		};
/* End PBXFrameworksBuildPhase section */

/* Begin PBXGroup section */
		74A3E05427CE1EB9002B190C = {
			isa = PBXGroup;
			children = (
				74A3E05F27CE1EB9002B190C /* UberClone */,
				74A3E05E27CE1EB9002B190C /* Products */,
				B4E5B835E88D1E6178B9EED2 /* Pods */,
				A0C724C625C884B1306C7CAB /* Frameworks */,
			);
			sourceTree = "<group>";
		};
		74A3E05E27CE1EB9002B190C /* Products */ = {
			isa = PBXGroup;
			children = (
				74A3E05D27CE1EB9002B190C /* UberClone.app */,
			);
			name = Products;
			sourceTree = "<group>";
		};
		74A3E05F27CE1EB9002B190C /* UberClone */ = {
			isa = PBXGroup;
			children = (
				74A3E07A27CE1FA4002B190C /* Model */,
				74A3E07927CE1F91002B190C /* View */,
				74A3E07827CE1F8E002B190C /* Controller */,
				74A3E07527CE1F83002B190C /* Service */,
				74A3E07427CE1EF2002B190C /* Utilities */,
				74A3E06027CE1EB9002B190C /* AppDelegate.swift */,
				74A3E06227CE1EB9002B190C /* SceneDelegate.swift */,
				74A3E06627CE1EB9002B190C /* Main.storyboard */,
				74A3E06927CE1EBA002B190C /* Assets.xcassets */,
				74A3E06B27CE1EBA002B190C /* LaunchScreen.storyboard */,
				74A3E06E27CE1EBA002B190C /* Info.plist */,
				74DF0FC027DA772800B791AB /* GoogleService-Info.plist */,
			);
			path = UberClone;
			sourceTree = "<group>";
		};
		74A3E07427CE1EF2002B190C /* Utilities */ = {
			isa = PBXGroup;
			children = (
				74A3E07F27CFFC37002B190C /* Extensions.swift */,
			);
			path = Utilities;
			sourceTree = "<group>";
		};
		74A3E07527CE1F83002B190C /* Service */ = {
			isa = PBXGroup;
			children = (
			);
			path = Service;
			sourceTree = "<group>";
		};
		74A3E07827CE1F8E002B190C /* Controller */ = {
			isa = PBXGroup;
			children = (
				74A3E07D27CF64EA002B190C /* LoginController.swift */,
				74A3E08127D36B25002B190C /* SignUpController.swift */,
				74DF0FC227DB454100B791AB /* HomeController.swift */,
			);
			path = Controller;
			sourceTree = "<group>";
		};
		74A3E07927CE1F91002B190C /* View */ = {
			isa = PBXGroup;
			children = (
				74A3E08327D3EB8B002B190C /* AuthButton.swift */,
				74DF0FC427DC77C300B791AB /* LocationInputActivationView.swift */,
			);
			path = View;
			sourceTree = "<group>";
		};
		74A3E07A27CE1FA4002B190C /* Model */ = {
			isa = PBXGroup;
			children = (
			);
			path = Model;
			sourceTree = "<group>";
		};
		A0C724C625C884B1306C7CAB /* Frameworks */ = {
			isa = PBXGroup;
			children = (
				76BDD4F8BD6690E085C7080C /* Pods_UberClone.framework */,
			);
			name = Frameworks;
			sourceTree = "<group>";
		};
		B4E5B835E88D1E6178B9EED2 /* Pods */ = {
			isa = PBXGroup;
			children = (
				08558CE5026F32BB5A1A5EDF /* Pods-UberClone.debug.xcconfig */,
				608E233D49AA56AA90199284 /* Pods-UberClone.release.xcconfig */,
			);
			path = Pods;
			sourceTree = "<group>";
		};
/* End PBXGroup section */

/* Begin PBXNativeTarget section */
		74A3E05C27CE1EB9002B190C /* UberClone */ = {
			isa = PBXNativeTarget;
			buildConfigurationList = 74A3E07127CE1EBA002B190C /* Build configuration list for PBXNativeTarget "UberClone" */;
			buildPhases = (
				9BD23D454A3811D7A52C3F77 /* [CP] Check Pods Manifest.lock */,
				74A3E05927CE1EB9002B190C /* Sources */,
				74A3E05A27CE1EB9002B190C /* Frameworks */,
				74A3E05B27CE1EB9002B190C /* Resources */,
				4ECAB772D9734EC28FA07EFA /* [CP] Embed Pods Frameworks */,
			);
			buildRules = (
			);
			dependencies = (
			);
			name = UberClone;
			productName = UberClone;
			productReference = 74A3E05D27CE1EB9002B190C /* UberClone.app */;
			productType = "com.apple.product-type.application";
		};
/* End PBXNativeTarget section */

/* Begin PBXProject section */
		74A3E05527CE1EB9002B190C /* Project object */ = {
			isa = PBXProject;
			attributes = {
				BuildIndependentTargetsInParallel = 1;
				LastSwiftUpdateCheck = 1320;
				LastUpgradeCheck = 1320;
				TargetAttributes = {
					74A3E05C27CE1EB9002B190C = {
						CreatedOnToolsVersion = 13.2.1;
					};
				};
			};
			buildConfigurationList = 74A3E05827CE1EB9002B190C /* Build configuration list for PBXProject "UberClone" */;
			compatibilityVersion = "Xcode 13.0";
			developmentRegion = en;
			hasScannedForEncodings = 0;
			knownRegions = (
				en,
				Base,
			);
			mainGroup = 74A3E05427CE1EB9002B190C;
			productRefGroup = 74A3E05E27CE1EB9002B190C /* Products */;
			projectDirPath = "";
			projectRoot = "";
			targets = (
				74A3E05C27CE1EB9002B190C /* UberClone */,
			);
		};
/* End PBXProject section */

/* Begin PBXResourcesBuildPhase section */
		74A3E05B27CE1EB9002B190C /* Resources */ = {
			isa = PBXResourcesBuildPhase;
			buildActionMask = 2147483647;
			files = (
				74A3E06D27CE1EBA002B190C /* LaunchScreen.storyboard in Resources */,
				74DF0FC127DA772800B791AB /* GoogleService-Info.plist in Resources */,
				74A3E06A27CE1EBA002B190C /* Assets.xcassets in Resources */,
				74A3E06827CE1EB9002B190C /* Main.storyboard in Resources */,
			);
			runOnlyForDeploymentPostprocessing = 0;
		};
/* End PBXResourcesBuildPhase section */

/* Begin PBXShellScriptBuildPhase section */
		4ECAB772D9734EC28FA07EFA /* [CP] Embed Pods Frameworks */ = {
			isa = PBXShellScriptBuildPhase;
			buildActionMask = 2147483647;
			files = (
			);
			inputFileListPaths = (
				"${PODS_ROOT}/Target Support Files/Pods-UberClone/Pods-UberClone-frameworks-${CONFIGURATION}-input-files.xcfilelist",
			);
			name = "[CP] Embed Pods Frameworks";
			outputFileListPaths = (
				"${PODS_ROOT}/Target Support Files/Pods-UberClone/Pods-UberClone-frameworks-${CONFIGURATION}-output-files.xcfilelist",
			);
			runOnlyForDeploymentPostprocessing = 0;
			shellPath = /bin/sh;
			shellScript = "\"${PODS_ROOT}/Target Support Files/Pods-UberClone/Pods-UberClone-frameworks.sh\"\n";
			showEnvVarsInLog = 0;
		};
		9BD23D454A3811D7A52C3F77 /* [CP] Check Pods Manifest.lock */ = {
			isa = PBXShellScriptBuildPhase;
			buildActionMask = 2147483647;
			files = (
			);
			inputFileListPaths = (
			);
			inputPaths = (
				"${PODS_PODFILE_DIR_PATH}/Podfile.lock",
				"${PODS_ROOT}/Manifest.lock",
			);
			name = "[CP] Check Pods Manifest.lock";
			outputFileListPaths = (
			);
			outputPaths = (
				"$(DERIVED_FILE_DIR)/Pods-UberClone-checkManifestLockResult.txt",
			);
			runOnlyForDeploymentPostprocessing = 0;
			shellPath = /bin/sh;
			shellScript = "diff \"${PODS_PODFILE_DIR_PATH}/Podfile.lock\" \"${PODS_ROOT}/Manifest.lock\" > /dev/null\nif [ $? != 0 ] ; then\n    # print error to STDERR\n    echo \"error: The sandbox is not in sync with the Podfile.lock. Run 'pod install' or update your CocoaPods installation.\" >&2\n    exit 1\nfi\n# This output is used by Xcode 'outputs' to avoid re-running this script phase.\necho \"SUCCESS\" > \"${SCRIPT_OUTPUT_FILE_0}\"\n";
			showEnvVarsInLog = 0;
		};
/* End PBXShellScriptBuildPhase section */

/* Begin PBXSourcesBuildPhase section */
		74A3E05927CE1EB9002B190C /* Sources */ = {
			isa = PBXSourcesBuildPhase;
			buildActionMask = 2147483647;
			files = (
				74A3E08227D36B25002B190C /* SignUpController.swift in Sources */,
				74A3E08427D3EB8B002B190C /* AuthButton.swift in Sources */,
				74DF0FC327DB454100B791AB /* HomeController.swift in Sources */,
				74A3E06127CE1EB9002B190C /* AppDelegate.swift in Sources */,
				74A3E06327CE1EB9002B190C /* SceneDelegate.swift in Sources */,
				74A3E07E27CF64EA002B190C /* LoginController.swift in Sources */,
				74DF0FC527DC77C300B791AB /* LocationInputActivationView.swift in Sources */,
				74A3E08027CFFC37002B190C /* Extensions.swift in Sources */,
			);
			runOnlyForDeploymentPostprocessing = 0;
		};
/* End PBXSourcesBuildPhase section */

/* Begin PBXVariantGroup section */
		74A3E06627CE1EB9002B190C /* Main.storyboard */ = {
			isa = PBXVariantGroup;
			children = (
				74A3E06727CE1EB9002B190C /* Base */,
			);
			name = Main.storyboard;
			sourceTree = "<group>";
		};
		74A3E06B27CE1EBA002B190C /* LaunchScreen.storyboard */ = {
			isa = PBXVariantGroup;
			children = (
				74A3E06C27CE1EBA002B190C /* Base */,
			);
			name = LaunchScreen.storyboard;
			sourceTree = "<group>";
		};
/* End PBXVariantGroup section */

/* Begin XCBuildConfiguration section */
		74A3E06F27CE1EBA002B190C /* Debug */ = {
			isa = XCBuildConfiguration;
			buildSettings = {
				ALWAYS_SEARCH_USER_PATHS = NO;
				CLANG_ANALYZER_NONNULL = YES;
				CLANG_ANALYZER_NUMBER_OBJECT_CONVERSION = YES_AGGRESSIVE;
				CLANG_CXX_LANGUAGE_STANDARD = "gnu++17";
				CLANG_CXX_LIBRARY = "libc++";
				CLANG_ENABLE_MODULES = YES;
				CLANG_ENABLE_OBJC_ARC = YES;
				CLANG_ENABLE_OBJC_WEAK = YES;
				CLANG_WARN_BLOCK_CAPTURE_AUTORELEASING = YES;
				CLANG_WARN_BOOL_CONVERSION = YES;
				CLANG_WARN_COMMA = YES;
				CLANG_WARN_CONSTANT_CONVERSION = YES;
				CLANG_WARN_DEPRECATED_OBJC_IMPLEMENTATIONS = YES;
				CLANG_WARN_DIRECT_OBJC_ISA_USAGE = YES_ERROR;
				CLANG_WARN_DOCUMENTATION_COMMENTS = YES;
				CLANG_WARN_EMPTY_BODY = YES;
				CLANG_WARN_ENUM_CONVERSION = YES;
				CLANG_WARN_INFINITE_RECURSION = YES;
				CLANG_WARN_INT_CONVERSION = YES;
				CLANG_WARN_NON_LITERAL_NULL_CONVERSION = YES;
				CLANG_WARN_OBJC_IMPLICIT_RETAIN_SELF = YES;
				CLANG_WARN_OBJC_LITERAL_CONVERSION = YES;
				CLANG_WARN_OBJC_ROOT_CLASS = YES_ERROR;
				CLANG_WARN_QUOTED_INCLUDE_IN_FRAMEWORK_HEADER = YES;
				CLANG_WARN_RANGE_LOOP_ANALYSIS = YES;
				CLANG_WARN_STRICT_PROTOTYPES = YES;
				CLANG_WARN_SUSPICIOUS_MOVE = YES;
				CLANG_WARN_UNGUARDED_AVAILABILITY = YES_AGGRESSIVE;
				CLANG_WARN_UNREACHABLE_CODE = YES;
				CLANG_WARN__DUPLICATE_METHOD_MATCH = YES;
				COPY_PHASE_STRIP = NO;
				DEBUG_INFORMATION_FORMAT = dwarf;
				ENABLE_STRICT_OBJC_MSGSEND = YES;
				ENABLE_TESTABILITY = YES;
				GCC_C_LANGUAGE_STANDARD = gnu11;
				GCC_DYNAMIC_NO_PIC = NO;
				GCC_NO_COMMON_BLOCKS = YES;
				GCC_OPTIMIZATION_LEVEL = 0;
				GCC_PREPROCESSOR_DEFINITIONS = (
					"DEBUG=1",
					"$(inherited)",
				);
				GCC_WARN_64_TO_32_BIT_CONVERSION = YES;
				GCC_WARN_ABOUT_RETURN_TYPE = YES_ERROR;
				GCC_WARN_UNDECLARED_SELECTOR = YES;
				GCC_WARN_UNINITIALIZED_AUTOS = YES_AGGRESSIVE;
				GCC_WARN_UNUSED_FUNCTION = YES;
				GCC_WARN_UNUSED_VARIABLE = YES;
				IPHONEOS_DEPLOYMENT_TARGET = 15.2;
				MTL_ENABLE_DEBUG_INFO = INCLUDE_SOURCE;
				MTL_FAST_MATH = YES;
				ONLY_ACTIVE_ARCH = YES;
				SDKROOT = iphoneos;
				SWIFT_ACTIVE_COMPILATION_CONDITIONS = DEBUG;
				SWIFT_OPTIMIZATION_LEVEL = "-Onone";
			};
			name = Debug;
		};
		74A3E07027CE1EBA002B190C /* Release */ = {
			isa = XCBuildConfiguration;
			buildSettings = {
				ALWAYS_SEARCH_USER_PATHS = NO;
				CLANG_ANALYZER_NONNULL = YES;
				CLANG_ANALYZER_NUMBER_OBJECT_CONVERSION = YES_AGGRESSIVE;
				CLANG_CXX_LANGUAGE_STANDARD = "gnu++17";
				CLANG_CXX_LIBRARY = "libc++";
				CLANG_ENABLE_MODULES = YES;
				CLANG_ENABLE_OBJC_ARC = YES;
				CLANG_ENABLE_OBJC_WEAK = YES;
				CLANG_WARN_BLOCK_CAPTURE_AUTORELEASING = YES;
				CLANG_WARN_BOOL_CONVERSION = YES;
				CLANG_WARN_COMMA = YES;
				CLANG_WARN_CONSTANT_CONVERSION = YES;
				CLANG_WARN_DEPRECATED_OBJC_IMPLEMENTATIONS = YES;
				CLANG_WARN_DIRECT_OBJC_ISA_USAGE = YES_ERROR;
				CLANG_WARN_DOCUMENTATION_COMMENTS = YES;
				CLANG_WARN_EMPTY_BODY = YES;
				CLANG_WARN_ENUM_CONVERSION = YES;
				CLANG_WARN_INFINITE_RECURSION = YES;
				CLANG_WARN_INT_CONVERSION = YES;
				CLANG_WARN_NON_LITERAL_NULL_CONVERSION = YES;
				CLANG_WARN_OBJC_IMPLICIT_RETAIN_SELF = YES;
				CLANG_WARN_OBJC_LITERAL_CONVERSION = YES;
				CLANG_WARN_OBJC_ROOT_CLASS = YES_ERROR;
				CLANG_WARN_QUOTED_INCLUDE_IN_FRAMEWORK_HEADER = YES;
				CLANG_WARN_RANGE_LOOP_ANALYSIS = YES;
				CLANG_WARN_STRICT_PROTOTYPES = YES;
				CLANG_WARN_SUSPICIOUS_MOVE = YES;
				CLANG_WARN_UNGUARDED_AVAILABILITY = YES_AGGRESSIVE;
				CLANG_WARN_UNREACHABLE_CODE = YES;
				CLANG_WARN__DUPLICATE_METHOD_MATCH = YES;
				COPY_PHASE_STRIP = NO;
				DEBUG_INFORMATION_FORMAT = "dwarf-with-dsym";
				ENABLE_NS_ASSERTIONS = NO;
				ENABLE_STRICT_OBJC_MSGSEND = YES;
				GCC_C_LANGUAGE_STANDARD = gnu11;
				GCC_NO_COMMON_BLOCKS = YES;
				GCC_WARN_64_TO_32_BIT_CONVERSION = YES;
				GCC_WARN_ABOUT_RETURN_TYPE = YES_ERROR;
				GCC_WARN_UNDECLARED_SELECTOR = YES;
				GCC_WARN_UNINITIALIZED_AUTOS = YES_AGGRESSIVE;
				GCC_WARN_UNUSED_FUNCTION = YES;
				GCC_WARN_UNUSED_VARIABLE = YES;
				IPHONEOS_DEPLOYMENT_TARGET = 15.2;
				MTL_ENABLE_DEBUG_INFO = NO;
				MTL_FAST_MATH = YES;
				SDKROOT = iphoneos;
				SWIFT_COMPILATION_MODE = wholemodule;
				SWIFT_OPTIMIZATION_LEVEL = "-O";
				VALIDATE_PRODUCT = YES;
			};
			name = Release;
		};
		74A3E07227CE1EBA002B190C /* Debug */ = {
			isa = XCBuildConfiguration;
			baseConfigurationReference = 08558CE5026F32BB5A1A5EDF /* Pods-UberClone.debug.xcconfig */;
			buildSettings = {
				ASSETCATALOG_COMPILER_APPICON_NAME = AppIcon;
				ASSETCATALOG_COMPILER_GLOBAL_ACCENT_COLOR_NAME = AccentColor;
				CODE_SIGN_STYLE = Automatic;
				CURRENT_PROJECT_VERSION = 1;
				DEVELOPMENT_TEAM = 8X5952S296;
				GENERATE_INFOPLIST_FILE = YES;
				INFOPLIST_FILE = UberClone/Info.plist;
				INFOPLIST_KEY_UIApplicationSupportsIndirectInputEvents = YES;
				INFOPLIST_KEY_UILaunchStoryboardName = LaunchScreen;
				INFOPLIST_KEY_UIMainStoryboardFile = Main;
				INFOPLIST_KEY_UISupportedInterfaceOrientations_iPad = "UIInterfaceOrientationPortrait UIInterfaceOrientationPortraitUpsideDown UIInterfaceOrientationLandscapeLeft UIInterfaceOrientationLandscapeRight";
				INFOPLIST_KEY_UISupportedInterfaceOrientations_iPhone = "UIInterfaceOrientationPortrait UIInterfaceOrientationLandscapeLeft UIInterfaceOrientationLandscapeRight";
				LD_RUNPATH_SEARCH_PATHS = (
					"$(inherited)",
					"@executable_path/Frameworks",
				);
				MARKETING_VERSION = 1.0;
				PRODUCT_BUNDLE_IDENTIFIER = com.YusufSimsek.UberClone;
				PRODUCT_NAME = "$(TARGET_NAME)";
				SWIFT_EMIT_LOC_STRINGS = YES;
				SWIFT_VERSION = 5.0;
				TARGETED_DEVICE_FAMILY = "1,2";
			};
			name = Debug;
		};
		74A3E07327CE1EBA002B190C /* Release */ = {
			isa = XCBuildConfiguration;
			baseConfigurationReference = 608E233D49AA56AA90199284 /* Pods-UberClone.release.xcconfig */;
			buildSettings = {
				ASSETCATALOG_COMPILER_APPICON_NAME = AppIcon;
				ASSETCATALOG_COMPILER_GLOBAL_ACCENT_COLOR_NAME = AccentColor;
				CODE_SIGN_STYLE = Automatic;
				CURRENT_PROJECT_VERSION = 1;
				DEVELOPMENT_TEAM = 8X5952S296;
				GENERATE_INFOPLIST_FILE = YES;
				INFOPLIST_FILE = UberClone/Info.plist;
				INFOPLIST_KEY_UIApplicationSupportsIndirectInputEvents = YES;
				INFOPLIST_KEY_UILaunchStoryboardName = LaunchScreen;
				INFOPLIST_KEY_UIMainStoryboardFile = Main;
				INFOPLIST_KEY_UISupportedInterfaceOrientations_iPad = "UIInterfaceOrientationPortrait UIInterfaceOrientationPortraitUpsideDown UIInterfaceOrientationLandscapeLeft UIInterfaceOrientationLandscapeRight";
				INFOPLIST_KEY_UISupportedInterfaceOrientations_iPhone = "UIInterfaceOrientationPortrait UIInterfaceOrientationLandscapeLeft UIInterfaceOrientationLandscapeRight";
				LD_RUNPATH_SEARCH_PATHS = (
					"$(inherited)",
					"@executable_path/Frameworks",
				);
				MARKETING_VERSION = 1.0;
				PRODUCT_BUNDLE_IDENTIFIER = com.YusufSimsek.UberClone;
				PRODUCT_NAME = "$(TARGET_NAME)";
				SWIFT_EMIT_LOC_STRINGS = YES;
				SWIFT_VERSION = 5.0;
				TARGETED_DEVICE_FAMILY = "1,2";
			};
			name = Release;
		};
/* End XCBuildConfiguration section */

/* Begin XCConfigurationList section */
		74A3E05827CE1EB9002B190C /* Build configuration list for PBXProject "UberClone" */ = {
			isa = XCConfigurationList;
			buildConfigurations = (
				74A3E06F27CE1EBA002B190C /* Debug */,
				74A3E07027CE1EBA002B190C /* Release */,
			);
			defaultConfigurationIsVisible = 0;
			defaultConfigurationName = Release;
		};
		74A3E07127CE1EBA002B190C /* Build configuration list for PBXNativeTarget "UberClone" */ = {
			isa = XCConfigurationList;
			buildConfigurations = (
				74A3E07227CE1EBA002B190C /* Debug */,
				74A3E07327CE1EBA002B190C /* Release */,
			);
			defaultConfigurationIsVisible = 0;
			defaultConfigurationName = Release;
		};
/* End XCConfigurationList section */
	};
	rootObject = 74A3E05527CE1EB9002B190C /* Project object */;
}
